
Microsoft Visual Studio Solution File, Format Version 12.00
# Visual Studio 2013
VisualStudioVersion = 12.0.31101.0
MinimumVisualStudioVersion = 10.0.40219.1
Project("{FAE04EC0-301F-11D3-BF4B-00C04F79EFBC}") = "HW2Lab1", "HW2Lab1\HW2Lab1.csproj", "{E3134D54-0331-4775-B710-59FB97BE4992}"
EndProject
Project("{FAE04EC0-301F-11D3-BF4B-00C04F79EFBC}") = "HW2Lab2", "HW2Lab2\HW2Lab2.csproj", "{80A0E80E-390E-4EBD-980A-B5AA8708B146}"
EndProject
Project("{FAE04EC0-301F-11D3-BF4B-00C04F79EFBC}") = "Lecture3Demo1", "Lecture3Demo1\Lecture3Demo1.csproj", "{75C3FD86-448F-4894-BEC8-C10381653A7A}"
EndProject
Project("{FAE04EC0-301F-11D3-BF4B-00C04F79EFBC}") = "Lecture3Demo2", "Lecture3Demo2\Lecture3Demo2.csproj", "{31F486DB-096C-499B-828C-11CCB8B11B9B}"
EndProject
Project("{FAE04EC0-301F-11D3-BF4B-00C04F79EFBC}") = "Lecture3Demo3", "Lecture3Demo3\Lecture3Demo3.csproj", "{2CAB0AD6-1CB2-4F7B-B02F-B4068279F864}"
EndProject
Project("{FAE04EC0-301F-11D3-BF4B-00C04F79EFBC}") = "Lecture3InClassDemo", "Lecture3InClassDemo\Lecture3InClassDemo.csproj", "{9515A33E-99D9-4E73-8B46-85613A1FFDCB}"
EndProject
Project("{FAE04EC0-301F-11D3-BF4B-00C04F79EFBC}") = "Lecture3Lamp", "Lecture3Lamp\Lecture3Lamp.csproj", "{CE43D358-866C-48E2-9C6B-EE05ACFBE50B}"
EndProject
Project("{FAE04EC0-301F-11D3-BF4B-00C04F79EFBC}") = "Lecture3Switch", "Lecture3Switch\Lecture3Switch.csproj", "{9345099E-F6C2-441E-B03A-C4F9924D5235}"
EndProject
Project("{FAE04EC0-301F-11D3-BF4B-00C04F79EFBC}") = "Lecture4Gui", "Lecture4Gui\Lecture4Gui.csproj", "{A712962C-441F-442C-A779-6064A94CB4A6}"
EndProject
Project("{FAE04EC0-301F-11D3-BF4B-00C04F79EFBC}") = "Lecture4InClass", "Lecture4InClass\Lecture4InClass.csproj", "{F47B42A5-60BC-44F4-9957-1CE21856A3DE}"
EndProject
Project("{FAE04EC0-301F-11D3-BF4B-00C04F79EFBC}") = "Lecture4Exam", "Lecture4Exam\Lecture4Exam.csproj", "{0029A477-4D06-4BD2-A363-77AE749D4289}"
EndProject
Project("{FAE04EC0-301F-11D3-BF4B-00C04F79EFBC}") = "Lecture5Enum", "Lecture5Enum\Lecture5Enum.csproj", "{62F3FFDB-FF5C-4028-AE52-67BDC43B2C23}"
EndProject
Project("{FAE04EC0-301F-11D3-BF4B-00C04F79EFBC}") = "Lecture5Arrays", "Lecture5Arrays\Lecture5Arrays.csproj", "{64A613B4-0128-4079-A914-AE94083B672F}"
EndProject
Global
	GlobalSection(SolutionConfigurationPlatforms) = preSolution
		Debug|Any CPU = Debug|Any CPU
		Release|Any CPU = Release|Any CPU
	EndGlobalSection
	GlobalSection(ProjectConfigurationPlatforms) = postSolution
		{E3134D54-0331-4775-B710-59FB97BE4992}.Debug|Any CPU.ActiveCfg = Debug|Any CPU
		{E3134D54-0331-4775-B710-59FB97BE4992}.Debug|Any CPU.Build.0 = Debug|Any CPU
		{E3134D54-0331-4775-B710-59FB97BE4992}.Release|Any CPU.ActiveCfg = Release|Any CPU
		{E3134D54-0331-4775-B710-59FB97BE4992}.Release|Any CPU.Build.0 = Release|Any CPU
		{80A0E80E-390E-4EBD-980A-B5AA8708B146}.Debug|Any CPU.ActiveCfg = Debug|Any CPU
		{80A0E80E-390E-4EBD-980A-B5AA8708B146}.Debug|Any CPU.Build.0 = Debug|Any CPU
		{80A0E80E-390E-4EBD-980A-B5AA8708B146}.Release|Any CPU.ActiveCfg = Release|Any CPU
		{80A0E80E-390E-4EBD-980A-B5AA8708B146}.Release|Any CPU.Build.0 = Release|Any CPU
		{75C3FD86-448F-4894-BEC8-C10381653A7A}.Debug|Any CPU.ActiveCfg = Debug|Any CPU
		{75C3FD86-448F-4894-BEC8-C10381653A7A}.Debug|Any CPU.Build.0 = Debug|Any CPU
		{75C3FD86-448F-4894-BEC8-C10381653A7A}.Release|Any CPU.ActiveCfg = Release|Any CPU
		{75C3FD86-448F-4894-BEC8-C10381653A7A}.Release|Any CPU.Build.0 = Release|Any CPU
		{31F486DB-096C-499B-828C-11CCB8B11B9B}.Debug|Any CPU.ActiveCfg = Debug|Any CPU
		{31F486DB-096C-499B-828C-11CCB8B11B9B}.Debug|Any CPU.Build.0 = Debug|Any CPU
		{31F486DB-096C-499B-828C-11CCB8B11B9B}.Release|Any CPU.ActiveCfg = Release|Any CPU
		{31F486DB-096C-499B-828C-11CCB8B11B9B}.Release|Any CPU.Build.0 = Release|Any CPU
		{2CAB0AD6-1CB2-4F7B-B02F-B4068279F864}.Debug|Any CPU.ActiveCfg = Debug|Any CPU
		{2CAB0AD6-1CB2-4F7B-B02F-B4068279F864}.Debug|Any CPU.Build.0 = Debug|Any CPU
		{2CAB0AD6-1CB2-4F7B-B02F-B4068279F864}.Release|Any CPU.ActiveCfg = Release|Any CPU
		{2CAB0AD6-1CB2-4F7B-B02F-B4068279F864}.Release|Any CPU.Build.0 = Release|Any CPU
		{9515A33E-99D9-4E73-8B46-85613A1FFDCB}.Debug|Any CPU.ActiveCfg = Debug|Any CPU
		{9515A33E-99D9-4E73-8B46-85613A1FFDCB}.Debug|Any CPU.Build.0 = Debug|Any CPU
		{9515A33E-99D9-4E73-8B46-85613A1FFDCB}.Release|Any CPU.ActiveCfg = Release|Any CPU
		{9515A33E-99D9-4E73-8B46-85613A1FFDCB}.Release|Any CPU.Build.0 = Release|Any CPU
		{CE43D358-866C-48E2-9C6B-EE05ACFBE50B}.Debug|Any CPU.ActiveCfg = Debug|Any CPU
		{CE43D358-866C-48E2-9C6B-EE05ACFBE50B}.Debug|Any CPU.Build.0 = Debug|Any CPU
		{CE43D358-866C-48E2-9C6B-EE05ACFBE50B}.Release|Any CPU.ActiveCfg = Release|Any CPU
		{CE43D358-866C-48E2-9C6B-EE05ACFBE50B}.Release|Any CPU.Build.0 = Release|Any CPU
		{9345099E-F6C2-441E-B03A-C4F9924D5235}.Debug|Any CPU.ActiveCfg = Debug|Any CPU
		{9345099E-F6C2-441E-B03A-C4F9924D5235}.Debug|Any CPU.Build.0 = Debug|Any CPU
		{9345099E-F6C2-441E-B03A-C4F9924D5235}.Release|Any CPU.ActiveCfg = Release|Any CPU
		{9345099E-F6C2-441E-B03A-C4F9924D5235}.Release|Any CPU.Build.0 = Release|Any CPU
		{A712962C-441F-442C-A779-6064A94CB4A6}.Debug|Any CPU.ActiveCfg = Debug|Any CPU
		{A712962C-441F-442C-A779-6064A94CB4A6}.Debug|Any CPU.Build.0 = Debug|Any CPU
		{A712962C-441F-442C-A779-6064A94CB4A6}.Release|Any CPU.ActiveCfg = Release|Any CPU
		{A712962C-441F-442C-A779-6064A94CB4A6}.Release|Any CPU.Build.0 = Release|Any CPU
		{F47B42A5-60BC-44F4-9957-1CE21856A3DE}.Debug|Any CPU.ActiveCfg = Debug|Any CPU
		{F47B42A5-60BC-44F4-9957-1CE21856A3DE}.Debug|Any CPU.Build.0 = Debug|Any CPU
		{F47B42A5-60BC-44F4-9957-1CE21856A3DE}.Release|Any CPU.ActiveCfg = Release|Any CPU
		{F47B42A5-60BC-44F4-9957-1CE21856A3DE}.Release|Any CPU.Build.0 = Release|Any CPU
		{0029A477-4D06-4BD2-A363-77AE749D4289}.Debug|Any CPU.ActiveCfg = Debug|Any CPU
		{0029A477-4D06-4BD2-A363-77AE749D4289}.Debug|Any CPU.Build.0 = Debug|Any CPU
		{0029A477-4D06-4BD2-A363-77AE749D4289}.Release|Any CPU.ActiveCfg = Release|Any CPU
		{0029A477-4D06-4BD2-A363-77AE749D4289}.Release|Any CPU.Build.0 = Release|Any CPU
		{62F3FFDB-FF5C-4028-AE52-67BDC43B2C23}.Debug|Any CPU.ActiveCfg = Debug|Any CPU
		{62F3FFDB-FF5C-4028-AE52-67BDC43B2C23}.Debug|Any CPU.Build.0 = Debug|Any CPU
		{62F3FFDB-FF5C-4028-AE52-67BDC43B2C23}.Release|Any CPU.ActiveCfg = Release|Any CPU
		{62F3FFDB-FF5C-4028-AE52-67BDC43B2C23}.Release|Any CPU.Build.0 = Release|Any CPU
		{64A613B4-0128-4079-A914-AE94083B672F}.Debug|Any CPU.ActiveCfg = Debug|Any CPU
		{64A613B4-0128-4079-A914-AE94083B672F}.Debug|Any CPU.Build.0 = Debug|Any CPU
		{64A613B4-0128-4079-A914-AE94083B672F}.Release|Any CPU.ActiveCfg = Release|Any CPU
		{64A613B4-0128-4079-A914-AE94083B672F}.Release|Any CPU.Build.0 = Release|Any CPU
	EndGlobalSection
	GlobalSection(SolutionProperties) = preSolution
		HideSolutionNode = FALSE
	EndGlobalSection
EndGlobal
