
Microsoft Visual Studio Solution File, Format Version 12.00
# Visual Studio 14
VisualStudioVersion = 14.0.25420.1
MinimumVisualStudioVersion = 10.0.40219.1
Project("{FAE04EC0-301F-11D3-BF4B-00C04F79EFBC}") = "HW2Lab1", "HW2Lab1\HW2Lab1.csproj", "{E3134D54-0331-4775-B710-59FB97BE4992}"
EndProject
Project("{FAE04EC0-301F-11D3-BF4B-00C04F79EFBC}") = "HW2Lab2", "HW2Lab2\HW2Lab2.csproj", "{80A0E80E-390E-4EBD-980A-B5AA8708B146}"
EndProject
Project("{FAE04EC0-301F-11D3-BF4B-00C04F79EFBC}") = "Lecture3Demo1", "Lecture3Demo1\Lecture3Demo1.csproj", "{75C3FD86-448F-4894-BEC8-C10381653A7A}"
EndProject
Project("{FAE04EC0-301F-11D3-BF4B-00C04F79EFBC}") = "Lecture3Demo2", "Lecture3Demo2\Lecture3Demo2.csproj", "{31F486DB-096C-499B-828C-11CCB8B11B9B}"
EndProject
Project("{FAE04EC0-301F-11D3-BF4B-00C04F79EFBC}") = "Lecture3Demo3", "Lecture3Demo3\Lecture3Demo3.csproj", "{2CAB0AD6-1CB2-4F7B-B02F-B4068279F864}"
EndProject
Project("{FAE04EC0-301F-11D3-BF4B-00C04F79EFBC}") = "Lecture3InClassDemo", "Lecture3InClassDemo\Lecture3InClassDemo.csproj", "{9515A33E-99D9-4E73-8B46-85613A1FFDCB}"
EndProject
Project("{FAE04EC0-301F-11D3-BF4B-00C04F79EFBC}") = "Lecture3Lamp", "Lecture3Lamp\Lecture3Lamp.csproj", "{CE43D358-866C-48E2-9C6B-EE05ACFBE50B}"
EndProject
Project("{FAE04EC0-301F-11D3-BF4B-00C04F79EFBC}") = "Lecture3Switch", "Lecture3Switch\Lecture3Switch.csproj", "{9345099E-F6C2-441E-B03A-C4F9924D5235}"
EndProject
Project("{FAE04EC0-301F-11D3-BF4B-00C04F79EFBC}") = "Lecture4Gui", "Lecture4Gui\Lecture4Gui.csproj", "{A712962C-441F-442C-A779-6064A94CB4A6}"
EndProject
Project("{FAE04EC0-301F-11D3-BF4B-00C04F79EFBC}") = "Lecture4InClass", "Lecture4InClass\Lecture4InClass.csproj", "{F47B42A5-60BC-44F4-9957-1CE21856A3DE}"
EndProject
Project("{FAE04EC0-301F-11D3-BF4B-00C04F79EFBC}") = "Lecture4Exam", "Lecture4Exam\Lecture4Exam.csproj", "{0029A477-4D06-4BD2-A363-77AE749D4289}"
EndProject
Project("{FAE04EC0-301F-11D3-BF4B-00C04F79EFBC}") = "Lecture5Enum", "Lecture5Enum\Lecture5Enum.csproj", "{62F3FFDB-FF5C-4028-AE52-67BDC43B2C23}"
EndProject
Project("{FAE04EC0-301F-11D3-BF4B-00C04F79EFBC}") = "Lecture5Arrays", "Lecture5Arrays\Lecture5Arrays.csproj", "{64A613B4-0128-4079-A914-AE94083B672F}"
EndProject
Project("{FAE04EC0-301F-11D3-BF4B-00C04F79EFBC}") = "Lecture5FizzBuzz", "Lecture5FizzBuzz\Lecture5FizzBuzz.csproj", "{E47DFA6F-815B-4279-BB01-BCDC060C0A8A}"
EndProject
Project("{FAE04EC0-301F-11D3-BF4B-00C04F79EFBC}") = "Lecture6Try", "Lecture6Try\Lecture6Try.csproj", "{7E1A7D73-EB5F-4B53-8002-04458864221A}"
EndProject
Project("{FAE04EC0-301F-11D3-BF4B-00C04F79EFBC}") = "Lecture6Input", "Lecture6Input\Lecture6Input.csproj", "{C84D89E2-9820-4909-B1A5-66E2795AF5BC}"
EndProject
Project("{FAE04EC0-301F-11D3-BF4B-00C04F79EFBC}") = "Lecture6Date", "Lecture6Date\Lecture6Date.csproj", "{32AF8833-FD69-4952-86B8-E58A0116024E}"
EndProject
Project("{FAE04EC0-301F-11D3-BF4B-00C04F79EFBC}") = "Lecture6Lab2", "Lecture6Lab2\Lecture6Lab2.csproj", "{2FE8C55E-6336-410E-B71C-92AB25C40689}"
EndProject
Project("{FAE04EC0-301F-11D3-BF4B-00C04F79EFBC}") = "Lecture7Demo", "Lecture7Demo\Lecture7Demo.csproj", "{151F780C-3CE6-44DA-8D9F-476D1D58B7E3}"
EndProject
Project("{FAE04EC0-301F-11D3-BF4B-00C04F79EFBC}") = "Lecture8Properties", "Lecture8Properties\Lecture8Properties.csproj", "{4DAB0047-FAF2-4B9E-8C8C-37F2BA6A491B}"
EndProject
Project("{FAE04EC0-301F-11D3-BF4B-00C04F79EFBC}") = "Lecture9List", "Lecture9List\Lecture9List.csproj", "{EB16B0CC-ECB0-4EDC-B168-542F0387B297}"
EndProject
Project("{FAE04EC0-301F-11D3-BF4B-00C04F79EFBC}") = "Lecture9Inheritance", "Lecture9Inheritance\Lecture9Inheritance.csproj", "{9E2769B5-1647-4FCD-8A0A-BFDEB1030610}"
EndProject
Project("{FAE04EC0-301F-11D3-BF4B-00C04F79EFBC}") = "Lecture9Walkthrough", "Lecture9Walkthrough\Lecture9Walkthrough.csproj", "{316A41D2-8DD3-44AC-AEC6-612619025E5A}"
EndProject
Project("{FAE04EC0-301F-11D3-BF4B-00C04F79EFBC}") = "Lecture10PassByReference", "Lecture10PassByReference\Lecture10PassByReference.csproj", "{9264C883-DAF9-40E6-8ABA-EDF7979484E4}"
EndProject
Project("{FAE04EC0-301F-11D3-BF4B-00C04F79EFBC}") = "Lecture10Alien", "Lecture10Alien\Lecture10Alien.csproj", "{442571B7-DFEE-438B-B9E7-03C4C9F07A17}"
EndProject
Project("{FAE04EC0-301F-11D3-BF4B-00C04F79EFBC}") = "Lecture10Interface", "Lecture10Interface\Lecture10Interface.csproj", "{E287352F-5B53-41F3-87DB-EF5C0F2037CE}"
EndProject
Global
	GlobalSection(SolutionConfigurationPlatforms) = preSolution
		Debug|Any CPU = Debug|Any CPU
		Release|Any CPU = Release|Any CPU
	EndGlobalSection
	GlobalSection(ProjectConfigurationPlatforms) = postSolution
		{E3134D54-0331-4775-B710-59FB97BE4992}.Debug|Any CPU.ActiveCfg = Debug|Any CPU
		{E3134D54-0331-4775-B710-59FB97BE4992}.Debug|Any CPU.Build.0 = Debug|Any CPU
		{E3134D54-0331-4775-B710-59FB97BE4992}.Release|Any CPU.ActiveCfg = Release|Any CPU
		{E3134D54-0331-4775-B710-59FB97BE4992}.Release|Any CPU.Build.0 = Release|Any CPU
		{80A0E80E-390E-4EBD-980A-B5AA8708B146}.Debug|Any CPU.ActiveCfg = Debug|Any CPU
		{80A0E80E-390E-4EBD-980A-B5AA8708B146}.Debug|Any CPU.Build.0 = Debug|Any CPU
		{80A0E80E-390E-4EBD-980A-B5AA8708B146}.Release|Any CPU.ActiveCfg = Release|Any CPU
		{80A0E80E-390E-4EBD-980A-B5AA8708B146}.Release|Any CPU.Build.0 = Release|Any CPU
		{75C3FD86-448F-4894-BEC8-C10381653A7A}.Debug|Any CPU.ActiveCfg = Debug|Any CPU
		{75C3FD86-448F-4894-BEC8-C10381653A7A}.Debug|Any CPU.Build.0 = Debug|Any CPU
		{75C3FD86-448F-4894-BEC8-C10381653A7A}.Release|Any CPU.ActiveCfg = Release|Any CPU
		{75C3FD86-448F-4894-BEC8-C10381653A7A}.Release|Any CPU.Build.0 = Release|Any CPU
		{31F486DB-096C-499B-828C-11CCB8B11B9B}.Debug|Any CPU.ActiveCfg = Debug|Any CPU
		{31F486DB-096C-499B-828C-11CCB8B11B9B}.Debug|Any CPU.Build.0 = Debug|Any CPU
		{31F486DB-096C-499B-828C-11CCB8B11B9B}.Release|Any CPU.ActiveCfg = Release|Any CPU
		{31F486DB-096C-499B-828C-11CCB8B11B9B}.Release|Any CPU.Build.0 = Release|Any CPU
		{2CAB0AD6-1CB2-4F7B-B02F-B4068279F864}.Debug|Any CPU.ActiveCfg = Debug|Any CPU
		{2CAB0AD6-1CB2-4F7B-B02F-B4068279F864}.Debug|Any CPU.Build.0 = Debug|Any CPU
		{2CAB0AD6-1CB2-4F7B-B02F-B4068279F864}.Release|Any CPU.ActiveCfg = Release|Any CPU
		{2CAB0AD6-1CB2-4F7B-B02F-B4068279F864}.Release|Any CPU.Build.0 = Release|Any CPU
		{9515A33E-99D9-4E73-8B46-85613A1FFDCB}.Debug|Any CPU.ActiveCfg = Debug|Any CPU
		{9515A33E-99D9-4E73-8B46-85613A1FFDCB}.Debug|Any CPU.Build.0 = Debug|Any CPU
		{9515A33E-99D9-4E73-8B46-85613A1FFDCB}.Release|Any CPU.ActiveCfg = Release|Any CPU
		{9515A33E-99D9-4E73-8B46-85613A1FFDCB}.Release|Any CPU.Build.0 = Release|Any CPU
		{CE43D358-866C-48E2-9C6B-EE05ACFBE50B}.Debug|Any CPU.ActiveCfg = Debug|Any CPU
		{CE43D358-866C-48E2-9C6B-EE05ACFBE50B}.Debug|Any CPU.Build.0 = Debug|Any CPU
		{CE43D358-866C-48E2-9C6B-EE05ACFBE50B}.Release|Any CPU.ActiveCfg = Release|Any CPU
		{CE43D358-866C-48E2-9C6B-EE05ACFBE50B}.Release|Any CPU.Build.0 = Release|Any CPU
		{9345099E-F6C2-441E-B03A-C4F9924D5235}.Debug|Any CPU.ActiveCfg = Debug|Any CPU
		{9345099E-F6C2-441E-B03A-C4F9924D5235}.Debug|Any CPU.Build.0 = Debug|Any CPU
		{9345099E-F6C2-441E-B03A-C4F9924D5235}.Release|Any CPU.ActiveCfg = Release|Any CPU
		{9345099E-F6C2-441E-B03A-C4F9924D5235}.Release|Any CPU.Build.0 = Release|Any CPU
		{A712962C-441F-442C-A779-6064A94CB4A6}.Debug|Any CPU.ActiveCfg = Debug|Any CPU
		{A712962C-441F-442C-A779-6064A94CB4A6}.Debug|Any CPU.Build.0 = Debug|Any CPU
		{A712962C-441F-442C-A779-6064A94CB4A6}.Release|Any CPU.ActiveCfg = Release|Any CPU
		{A712962C-441F-442C-A779-6064A94CB4A6}.Release|Any CPU.Build.0 = Release|Any CPU
		{F47B42A5-60BC-44F4-9957-1CE21856A3DE}.Debug|Any CPU.ActiveCfg = Debug|Any CPU
		{F47B42A5-60BC-44F4-9957-1CE21856A3DE}.Debug|Any CPU.Build.0 = Debug|Any CPU
		{F47B42A5-60BC-44F4-9957-1CE21856A3DE}.Release|Any CPU.ActiveCfg = Release|Any CPU
		{F47B42A5-60BC-44F4-9957-1CE21856A3DE}.Release|Any CPU.Build.0 = Release|Any CPU
		{0029A477-4D06-4BD2-A363-77AE749D4289}.Debug|Any CPU.ActiveCfg = Debug|Any CPU
		{0029A477-4D06-4BD2-A363-77AE749D4289}.Debug|Any CPU.Build.0 = Debug|Any CPU
		{0029A477-4D06-4BD2-A363-77AE749D4289}.Release|Any CPU.ActiveCfg = Release|Any CPU
		{0029A477-4D06-4BD2-A363-77AE749D4289}.Release|Any CPU.Build.0 = Release|Any CPU
		{62F3FFDB-FF5C-4028-AE52-67BDC43B2C23}.Debug|Any CPU.ActiveCfg = Debug|Any CPU
		{62F3FFDB-FF5C-4028-AE52-67BDC43B2C23}.Debug|Any CPU.Build.0 = Debug|Any CPU
		{62F3FFDB-FF5C-4028-AE52-67BDC43B2C23}.Release|Any CPU.ActiveCfg = Release|Any CPU
		{62F3FFDB-FF5C-4028-AE52-67BDC43B2C23}.Release|Any CPU.Build.0 = Release|Any CPU
		{64A613B4-0128-4079-A914-AE94083B672F}.Debug|Any CPU.ActiveCfg = Debug|Any CPU
		{64A613B4-0128-4079-A914-AE94083B672F}.Debug|Any CPU.Build.0 = Debug|Any CPU
		{64A613B4-0128-4079-A914-AE94083B672F}.Release|Any CPU.ActiveCfg = Release|Any CPU
		{64A613B4-0128-4079-A914-AE94083B672F}.Release|Any CPU.Build.0 = Release|Any CPU
		{E47DFA6F-815B-4279-BB01-BCDC060C0A8A}.Debug|Any CPU.ActiveCfg = Debug|Any CPU
		{E47DFA6F-815B-4279-BB01-BCDC060C0A8A}.Debug|Any CPU.Build.0 = Debug|Any CPU
		{E47DFA6F-815B-4279-BB01-BCDC060C0A8A}.Release|Any CPU.ActiveCfg = Release|Any CPU
		{E47DFA6F-815B-4279-BB01-BCDC060C0A8A}.Release|Any CPU.Build.0 = Release|Any CPU
		{7E1A7D73-EB5F-4B53-8002-04458864221A}.Debug|Any CPU.ActiveCfg = Debug|Any CPU
		{7E1A7D73-EB5F-4B53-8002-04458864221A}.Debug|Any CPU.Build.0 = Debug|Any CPU
		{7E1A7D73-EB5F-4B53-8002-04458864221A}.Release|Any CPU.ActiveCfg = Release|Any CPU
		{7E1A7D73-EB5F-4B53-8002-04458864221A}.Release|Any CPU.Build.0 = Release|Any CPU
		{C84D89E2-9820-4909-B1A5-66E2795AF5BC}.Debug|Any CPU.ActiveCfg = Debug|Any CPU
		{C84D89E2-9820-4909-B1A5-66E2795AF5BC}.Debug|Any CPU.Build.0 = Debug|Any CPU
		{C84D89E2-9820-4909-B1A5-66E2795AF5BC}.Release|Any CPU.ActiveCfg = Release|Any CPU
		{C84D89E2-9820-4909-B1A5-66E2795AF5BC}.Release|Any CPU.Build.0 = Release|Any CPU
		{32AF8833-FD69-4952-86B8-E58A0116024E}.Debug|Any CPU.ActiveCfg = Debug|Any CPU
		{32AF8833-FD69-4952-86B8-E58A0116024E}.Debug|Any CPU.Build.0 = Debug|Any CPU
		{32AF8833-FD69-4952-86B8-E58A0116024E}.Release|Any CPU.ActiveCfg = Release|Any CPU
		{32AF8833-FD69-4952-86B8-E58A0116024E}.Release|Any CPU.Build.0 = Release|Any CPU
		{2FE8C55E-6336-410E-B71C-92AB25C40689}.Debug|Any CPU.ActiveCfg = Debug|Any CPU
		{2FE8C55E-6336-410E-B71C-92AB25C40689}.Debug|Any CPU.Build.0 = Debug|Any CPU
		{2FE8C55E-6336-410E-B71C-92AB25C40689}.Release|Any CPU.ActiveCfg = Release|Any CPU
		{2FE8C55E-6336-410E-B71C-92AB25C40689}.Release|Any CPU.Build.0 = Release|Any CPU
		{151F780C-3CE6-44DA-8D9F-476D1D58B7E3}.Debug|Any CPU.ActiveCfg = Debug|Any CPU
		{151F780C-3CE6-44DA-8D9F-476D1D58B7E3}.Debug|Any CPU.Build.0 = Debug|Any CPU
		{151F780C-3CE6-44DA-8D9F-476D1D58B7E3}.Release|Any CPU.ActiveCfg = Release|Any CPU
		{151F780C-3CE6-44DA-8D9F-476D1D58B7E3}.Release|Any CPU.Build.0 = Release|Any CPU
		{4DAB0047-FAF2-4B9E-8C8C-37F2BA6A491B}.Debug|Any CPU.ActiveCfg = Debug|Any CPU
		{4DAB0047-FAF2-4B9E-8C8C-37F2BA6A491B}.Debug|Any CPU.Build.0 = Debug|Any CPU
		{4DAB0047-FAF2-4B9E-8C8C-37F2BA6A491B}.Release|Any CPU.ActiveCfg = Release|Any CPU
		{4DAB0047-FAF2-4B9E-8C8C-37F2BA6A491B}.Release|Any CPU.Build.0 = Release|Any CPU
		{EB16B0CC-ECB0-4EDC-B168-542F0387B297}.Debug|Any CPU.ActiveCfg = Debug|Any CPU
		{EB16B0CC-ECB0-4EDC-B168-542F0387B297}.Debug|Any CPU.Build.0 = Debug|Any CPU
		{EB16B0CC-ECB0-4EDC-B168-542F0387B297}.Release|Any CPU.ActiveCfg = Release|Any CPU
		{EB16B0CC-ECB0-4EDC-B168-542F0387B297}.Release|Any CPU.Build.0 = Release|Any CPU
		{9E2769B5-1647-4FCD-8A0A-BFDEB1030610}.Debug|Any CPU.ActiveCfg = Debug|Any CPU
		{9E2769B5-1647-4FCD-8A0A-BFDEB1030610}.Debug|Any CPU.Build.0 = Debug|Any CPU
		{9E2769B5-1647-4FCD-8A0A-BFDEB1030610}.Release|Any CPU.ActiveCfg = Release|Any CPU
		{9E2769B5-1647-4FCD-8A0A-BFDEB1030610}.Release|Any CPU.Build.0 = Release|Any CPU
		{316A41D2-8DD3-44AC-AEC6-612619025E5A}.Debug|Any CPU.ActiveCfg = Debug|Any CPU
		{316A41D2-8DD3-44AC-AEC6-612619025E5A}.Debug|Any CPU.Build.0 = Debug|Any CPU
		{316A41D2-8DD3-44AC-AEC6-612619025E5A}.Release|Any CPU.ActiveCfg = Release|Any CPU
		{316A41D2-8DD3-44AC-AEC6-612619025E5A}.Release|Any CPU.Build.0 = Release|Any CPU
		{9264C883-DAF9-40E6-8ABA-EDF7979484E4}.Debug|Any CPU.ActiveCfg = Debug|Any CPU
		{9264C883-DAF9-40E6-8ABA-EDF7979484E4}.Debug|Any CPU.Build.0 = Debug|Any CPU
		{9264C883-DAF9-40E6-8ABA-EDF7979484E4}.Release|Any CPU.ActiveCfg = Release|Any CPU
		{9264C883-DAF9-40E6-8ABA-EDF7979484E4}.Release|Any CPU.Build.0 = Release|Any CPU
		{442571B7-DFEE-438B-B9E7-03C4C9F07A17}.Debug|Any CPU.ActiveCfg = Debug|Any CPU
		{442571B7-DFEE-438B-B9E7-03C4C9F07A17}.Debug|Any CPU.Build.0 = Debug|Any CPU
		{442571B7-DFEE-438B-B9E7-03C4C9F07A17}.Release|Any CPU.ActiveCfg = Release|Any CPU
		{442571B7-DFEE-438B-B9E7-03C4C9F07A17}.Release|Any CPU.Build.0 = Release|Any CPU
		{E287352F-5B53-41F3-87DB-EF5C0F2037CE}.Debug|Any CPU.ActiveCfg = Debug|Any CPU
		{E287352F-5B53-41F3-87DB-EF5C0F2037CE}.Debug|Any CPU.Build.0 = Debug|Any CPU
		{E287352F-5B53-41F3-87DB-EF5C0F2037CE}.Release|Any CPU.ActiveCfg = Release|Any CPU
		{E287352F-5B53-41F3-87DB-EF5C0F2037CE}.Release|Any CPU.Build.0 = Release|Any CPU
	EndGlobalSection
	GlobalSection(SolutionProperties) = preSolution
		HideSolutionNode = FALSE
	EndGlobalSection
EndGlobal
